
Microsoft Visual Studio Solution File, Format Version 12.00
# Visual Studio Version 17
VisualStudioVersion = 17.11.35222.181
MinimumVisualStudioVersion = 10.0.40219.1
Project("{FAE04EC0-301F-11D3-BF4B-00C04F79EFBC}") = "ASD_1", "ASD_1\ASD_1.csproj", "{FFD41B51-8027-407E-95C3-D715E3E68720}"
EndProject
Global
	GlobalSection(SolutionConfigurationPlatforms) = preSolution
		Debug|Any CPU = Debug|Any CPU
		Release|Any CPU = Release|Any CPU
	EndGlobalSection
	GlobalSection(ProjectConfigurationPlatforms) = postSolution
		{FFD41B51-8027-407E-95C3-D715E3E68720}.Debug|Any CPU.ActiveCfg = Debug|Any CPU
		{FFD41B51-8027-407E-95C3-D715E3E68720}.Debug|Any CPU.Build.0 = Debug|Any CPU
		{FFD41B51-8027-407E-95C3-D715E3E68720}.Release|Any CPU.ActiveCfg = Release|Any CPU
		{FFD41B51-8027-407E-95C3-D715E3E68720}.Release|Any CPU.Build.0 = Release|Any CPU
	EndGlobalSection
	GlobalSection(SolutionProperties) = preSolution
		HideSolutionNode = FALSE
	EndGlobalSection
	GlobalSection(ExtensibilityGlobals) = postSolution
		SolutionGuid = {21FBFB8A-1E01-4366-B773-01D7E14C3C35}
	EndGlobalSection
EndGlobal
